
Microsoft Visual Studio Solution File, Format Version 12.00
# Visual Studio Version 17
VisualStudioVersion = 17.4.33103.184
MinimumVisualStudioVersion = 10.0.40219.1
Project("{9A19103F-16F7-4668-BE54-9A1E7A4F7556}") = "OnlineBookStroe", "OnlinerBookStroe\OnlineBookStroe.csproj", "{2D7B4F78-80A8-4118-90F5-594CBC6609ED}"
EndProject
Global
	GlobalSection(SolutionConfigurationPlatforms) = preSolution
		Debug|Any CPU = Debug|Any CPU
		Release|Any CPU = Release|Any CPU
	EndGlobalSection
	GlobalSection(ProjectConfigurationPlatforms) = postSolution
		{2D7B4F78-80A8-4118-90F5-594CBC6609ED}.Debug|Any CPU.ActiveCfg = Debug|Any CPU
		{2D7B4F78-80A8-4118-90F5-594CBC6609ED}.Debug|Any CPU.Build.0 = Debug|Any CPU
		{2D7B4F78-80A8-4118-90F5-594CBC6609ED}.Release|Any CPU.ActiveCfg = Release|Any CPU
		{2D7B4F78-80A8-4118-90F5-594CBC6609ED}.Release|Any CPU.Build.0 = Release|Any CPU
	EndGlobalSection
	GlobalSection(SolutionProperties) = preSolution
		HideSolutionNode = FALSE
	EndGlobalSection
	GlobalSection(ExtensibilityGlobals) = postSolution
		SolutionGuid = {70E44F29-99AB-4337-84BF-DA08C9F34FFC}
	EndGlobalSection
EndGlobal
